
Microsoft Visual Studio Solution File, Format Version 12.00
# Visual Studio Version 17
VisualStudioVersion = 17.5.33502.453
MinimumVisualStudioVersion = 10.0.40219.1
Project("{FAE04EC0-301F-11D3-BF4B-00C04F79EFBC}") = "SeleniumTests", "SeleniumTests\SeleniumTests.csproj", "{EA0CD302-564D-4820-AF48-BCE3F322E518}"
EndProject
Global
	GlobalSection(SolutionConfigurationPlatforms) = preSolution
		Debug|Any CPU = Debug|Any CPU
		Release|Any CPU = Release|Any CPU
	EndGlobalSection
	GlobalSection(ProjectConfigurationPlatforms) = postSolution
		{EA0CD302-564D-4820-AF48-BCE3F322E518}.Debug|Any CPU.ActiveCfg = Debug|Any CPU
		{EA0CD302-564D-4820-AF48-BCE3F322E518}.Debug|Any CPU.Build.0 = Debug|Any CPU
		{EA0CD302-564D-4820-AF48-BCE3F322E518}.Release|Any CPU.ActiveCfg = Release|Any CPU
		{EA0CD302-564D-4820-AF48-BCE3F322E518}.Release|Any CPU.Build.0 = Release|Any CPU
	EndGlobalSection
	GlobalSection(SolutionProperties) = preSolution
		HideSolutionNode = FALSE
	EndGlobalSection
	GlobalSection(ExtensibilityGlobals) = postSolution
		SolutionGuid = {529C87A0-5AB8-4B06-8FAA-9EE36A9A83C4}
	EndGlobalSection
EndGlobal
